github.com/fsnotify/fsnotify v1.4.9 h1:hsms1Qyu0jgnwNXIxa+/V/PDsU6CfLf6CNO8H7IWoS4=
github.com/fsnotify/fsnotify v1.4.9/go.mod h1:znqG4EE+3YCdAaPaxE2ZRY/06pZUdp0tY4IgpuI1SZQ=
github.com/op/go-logging v0.0.0-20160315200505-970db520ece7 h1:lDH9UUVJtmYCjyT0CI4q8xvlXPxeZ0gYCVvWbmPlp88=
github.com/op/go-logging v0.0.0-20160315200505-970db520ece7/go.mod h1:HzydrMdWErDVzsI23lYNej1Htcns9BCg93Dk0bBINWk=
github.com/songgao/water v0.0.0-20200317203138-2b4b6d7c09d8 h1:TG/diQgUe0pntT/2D9tmUCz4VNwm9MfrtPr0SU2qSX8=
github.com/songgao/water v0.0.0-20200317203138-2b4b6d7c09d8/go.mod h1:P5HUIBuIWKbyjl083/loAegFkfbFNx5i2qEP4CNbm7E=
golang.org/x/sys v0.0.0-20191005200804-aed5e4c7ecf9 h1:L2auWcuQIvxz9xSEqzESnV/QN/gNRXNApHi3fYwl2w0=
golang.org/x/sys v0.0.0-20191005200804-aed5e4c7ecf9/go.mod h1:h1NjWce9XRLGQEsW7wpKNCjG9DtNlClVuFLEZdDNbEs=
golang.org/x/sys v0.0.0-20210611083646-a4fc73990273 h1:faDu4veV+8pcThn4fewv6TVlNCezafGoC1gM/mxQLbQ=
golang.org/x/sys v0.0.0-20210611083646-a4fc73990273/go.mod h1:oPkhp1MJrh7nUepCBck5+mAzfO9JrbApNNgaTdGDITg=
